{
  "name": "@pqcbridge/pqcb",
  "version": "0.2.0",
  "lockfileVersion": 3,
  "requires": true,
  "packages": {
    "": {
      "name": "@pqcbridge/pqcb",
      "version": "0.2.0",
      "license": "MIT OR Apache-2.0",
      "dependencies": {
        "koffi": "^3.0.0"
      },
      "devDependencies": {
        "@types/node": "^22.19.19",
        "typescript": "^5.0.0"
      },
      "engines": {
        "node": ">=20"
      }
    },
    "node_modules/@koromix/koffi-darwin-arm64": {
      "version": "3.0.0",
      "resolved": "https://registry.npmjs.org/@koromix/koffi-darwin-arm64/-/koffi-darwin-arm64-3.0.0.tgz",
      "integrity": "sha512-FXvgsKe2D69Ypz8SptMdk+hoomYO1X4g+VsxaZNTFX8u1qsM8TmxRa4MnLnxpDUb8zcdnYvyWtlBilPUXVJY/w==",
      "cpu": [
        "arm64"
      ],
      "license": "MIT",
      "optional": true,
      "os": [
        "darwin"
      ],
      "funding": {
        "url": "https://liberapay.com/Koromix"
      }
    },
    "node_modules/@koromix/koffi-darwin-x64": {
      "version": "3.0.0",
      "resolved": "https://registry.npmjs.org/@koromix/koffi-darwin-x64/-/koffi-darwin-x64-3.0.0.tgz",
      "integrity": "sha512-+W1fB5ycyW3kLhRD9THY0I+hiNbSQgka4SSnVAEmgbABmXv5euNOzaI1Y1cbuhsGjhC7+5wBOM+HiRlJCyHfgg==",
      "cpu": [
        "x64"
      ],
      "license": "MIT",
      "optional": true,
      "os": [
        "darwin"
      ],
      "funding": {
        "url": "https://liberapay.com/Koromix"
      }
    },
    "node_modules/@koromix/koffi-freebsd-arm64": {
      "version": "3.0.0",
      "resolved": "https://registry.npmjs.org/@koromix/koffi-freebsd-arm64/-/koffi-freebsd-arm64-3.0.0.tgz",
      "integrity": "sha512-tsgSczm/pdmXSjDsOTOqdg0/u9g0VYJYQ+5bqqTLe5YYqHI3tH9QWXuw//jxENWIsIbk2mbES6j99YQT7wQ+qw==",
      "cpu": [
        "arm64"
      ],
      "license": "MIT",
      "optional": true,
      "os": [
        "freebsd"
      ],
      "funding": {
        "url": "https://liberapay.com/Koromix"
      }
    },
    "node_modules/@koromix/koffi-freebsd-ia32": {
      "version": "3.0.0",
      "resolved": "https://registry.npmjs.org/@koromix/koffi-freebsd-ia32/-/koffi-freebsd-ia32-3.0.0.tgz",
      "integrity": "sha512-aiW04Av3NpQpdKjS9BAerWIsmP70BdE+q66p4fXAcmjvkfXWh6RT4uytO+UuvkoFw4a8fduUFbEihNeAEcgJxg==",
      "cpu": [
        "ia32"
      ],
      "license": "MIT",
      "optional": true,
      "os": [
        "freebsd"
      ],
      "funding": {
        "url": "https://liberapay.com/Koromix"
      }
    },
    "node_modules/@koromix/koffi-freebsd-x64": {
      "version": "3.0.0",
      "resolved": "https://registry.npmjs.org/@koromix/koffi-freebsd-x64/-/koffi-freebsd-x64-3.0.0.tgz",
      "integrity": "sha512-xKFhO4Vqn2kzvsqWW1mstZQn5dvRPc2PMDuoc70/hTrKxEy7LXI0j4VWEc7v3R9qUI3GUSjhVE7B8bUwPJlhHg==",
      "cpu": [
        "x64"
      ],
      "license": "MIT",
      "optional": true,
      "os": [
        "freebsd"
      ],
      "funding": {
        "url": "https://liberapay.com/Koromix"
      }
    },
    "node_modules/@koromix/koffi-linux-arm64": {
      "version": "3.0.0",
      "resolved": "https://registry.npmjs.org/@koromix/koffi-linux-arm64/-/koffi-linux-arm64-3.0.0.tgz",
      "integrity": "sha512-nu8Ot2BEoYB5sRtg1pQ5bXwuMTHfg1V1J2YBm8Zk1cVPKNfalls7AiMh9Oo/igxuuOkC0PtQEbRvzhFdcEmwPg==",
      "cpu": [
        "arm64"
      ],
      "license": "MIT",
      "optional": true,
      "os": [
        "linux"
      ],
      "funding": {
        "url": "https://liberapay.com/Koromix"
      }
    },
    "node_modules/@koromix/koffi-linux-ia32": {
      "version": "3.0.0",
      "resolved": "https://registry.npmjs.org/@koromix/koffi-linux-ia32/-/koffi-linux-ia32-3.0.0.tgz",
      "integrity": "sha512-CIG3vAbf9u+puoJzyR6bKZds6QBYZF7oNZrkVEH1uoR18YV3F7xltMCknthiSO9RJY9xiI3uwhEnPlM7mhvJVw==",
      "cpu": [
        "ia32"
      ],
      "license": "MIT",
      "optional": true,
      "os": [
        "linux"
      ],
      "funding": {
        "url": "https://liberapay.com/Koromix"
      }
    },
    "node_modules/@koromix/koffi-linux-loong64": {
      "version": "3.0.0",
      "resolved": "https://registry.npmjs.org/@koromix/koffi-linux-loong64/-/koffi-linux-loong64-3.0.0.tgz",
      "integrity": "sha512-oJruRFU+aDaMw3B796G1u3nrWM1bKVxrFpKvTYvcx5ZWL1IGQeYo/ARC0wq5Wgdemk9laByd1s56tVEZYW8qIg==",
      "cpu": [
        "loong64"
      ],
      "license": "MIT",
      "optional": true,
      "os": [
        "linux"
      ],
      "funding": {
        "url": "https://liberapay.com/Koromix"
      }
    },
    "node_modules/@koromix/koffi-linux-riscv64": {
      "version": "3.0.0",
      "resolved": "https://registry.npmjs.org/@koromix/koffi-linux-riscv64/-/koffi-linux-riscv64-3.0.0.tgz",
      "integrity": "sha512-nQdQ2dDD8bDdzPspLCAiTahfcuGa9YbZ+giefQZfLNrMTOFHfUiY5sQTSDjPQocYriCnaKsroU7/HdkTpgbspA==",
      "cpu": [
        "riscv64"
      ],
      "license": "MIT",
      "optional": true,
      "os": [
        "linux"
      ],
      "funding": {
        "url": "https://liberapay.com/Koromix"
      }
    },
    "node_modules/@koromix/koffi-linux-x64": {
      "version": "3.0.0",
      "resolved": "https://registry.npmjs.org/@koromix/koffi-linux-x64/-/koffi-linux-x64-3.0.0.tgz",
      "integrity": "sha512-IAO1fVmi9j5z6TmPmBd14y0//5I759s/qFqAuuXvg8VDySanP12TtU5uO/qlOWgJb4oA4hJKWPuaPBaNZ5XNPQ==",
      "cpu": [
        "x64"
      ],
      "license": "MIT",
      "optional": true,
      "os": [
        "linux"
      ],
      "funding": {
        "url": "https://liberapay.com/Koromix"
      }
    },
    "node_modules/@koromix/koffi-openbsd-ia32": {
      "version": "3.0.0",
      "resolved": "https://registry.npmjs.org/@koromix/koffi-openbsd-ia32/-/koffi-openbsd-ia32-3.0.0.tgz",
      "integrity": "sha512-wU6YDsoDRfmYZHPNJd8BOKuPnH3jpk5z3RT3zH6wgSVoQ+gpo9rYbIsHWgcNB7MuC5bSHdgKbiRKt4Zy8gDwbg==",
      "cpu": [
        "ia32"
      ],
      "license": "MIT",
      "optional": true,
      "os": [
        "openbsd"
      ],
      "funding": {
        "url": "https://liberapay.com/Koromix"
      }
    },
    "node_modules/@koromix/koffi-openbsd-x64": {
      "version": "3.0.0",
      "resolved": "https://registry.npmjs.org/@koromix/koffi-openbsd-x64/-/koffi-openbsd-x64-3.0.0.tgz",
      "integrity": "sha512-dHRidKDEWHbLvVG7pnCcYVFPB/w6Q4dliDPtPaPC8LCdrqByN84ec3OnyVlzHi5aqDQ54FuWHqY2moWcFi39RQ==",
      "cpu": [
        "x64"
      ],
      "license": "MIT",
      "optional": true,
      "os": [
        "openbsd"
      ],
      "funding": {
        "url": "https://liberapay.com/Koromix"
      }
    },
    "node_modules/@koromix/koffi-win32-ia32": {
      "version": "3.0.0",
      "resolved": "https://registry.npmjs.org/@koromix/koffi-win32-ia32/-/koffi-win32-ia32-3.0.0.tgz",
      "integrity": "sha512-ejFGOYhsGvCRQ9aZH4Mq4RaaTNlX2W4pEhqea8JfurK5ee1cgv0Pd3E7hK4Q4CE2CrMNtF2oCqA+6lDdSxj8xw==",
      "cpu": [
        "ia32"
      ],
      "license": "MIT",
      "optional": true,
      "os": [
        "win32"
      ],
      "funding": {
        "url": "https://liberapay.com/Koromix"
      }
    },
    "node_modules/@koromix/koffi-win32-x64": {
      "version": "3.0.0",
      "resolved": "https://registry.npmjs.org/@koromix/koffi-win32-x64/-/koffi-win32-x64-3.0.0.tgz",
      "integrity": "sha512-0oiT0yn1iS7+v2bfNLbbZCf+lhaVg90jtVzo6UPCGU78tVlLpAIg+3MFVjhg3vWDOtmv7BzpoLnjndkA2uD7YQ==",
      "cpu": [
        "x64"
      ],
      "license": "MIT",
      "optional": true,
      "os": [
        "win32"
      ],
      "funding": {
        "url": "https://liberapay.com/Koromix"
      }
    },
    "node_modules/@types/node": {
      "version": "22.19.19",
      "resolved": "https://registry.npmjs.org/@types/node/-/node-22.19.19.tgz",
      "integrity": "sha512-dyh/xO2Fh5bYrfWaaqGrRQQGkNdmYw6AmaAUvYeUMNTWQtvb796ikLdmTchRmOlOiIJ1TDXfWgVx1QkUlQ6Hew==",
      "dev": true,
      "license": "MIT",
      "dependencies": {
        "undici-types": "~6.21.0"
      }
    },
    "node_modules/koffi": {
      "version": "3.0.0",
      "resolved": "https://registry.npmjs.org/koffi/-/koffi-3.0.0.tgz",
      "integrity": "sha512-RiIXPz6MpJWee0l4nbC8+cUZmeRYKXxvreE2gTEJyJRNJ4dNND8sX7OGHBpI4OYqg92kbin//Bdugbo/yEEUGA==",
      "hasInstallScript": true,
      "license": "MIT",
      "funding": {
        "url": "https://liberapay.com/Koromix"
      },
      "optionalDependencies": {
        "@koromix/koffi-darwin-arm64": "3.0.0",
        "@koromix/koffi-darwin-x64": "3.0.0",
        "@koromix/koffi-freebsd-arm64": "3.0.0",
        "@koromix/koffi-freebsd-ia32": "3.0.0",
        "@koromix/koffi-freebsd-x64": "3.0.0",
        "@koromix/koffi-linux-arm64": "3.0.0",
        "@koromix/koffi-linux-ia32": "3.0.0",
        "@koromix/koffi-linux-loong64": "3.0.0",
        "@koromix/koffi-linux-riscv64": "3.0.0",
        "@koromix/koffi-linux-x64": "3.0.0",
        "@koromix/koffi-openbsd-ia32": "3.0.0",
        "@koromix/koffi-openbsd-x64": "3.0.0",
        "@koromix/koffi-win32-ia32": "3.0.0",
        "@koromix/koffi-win32-x64": "3.0.0"
      }
    },
    "node_modules/typescript": {
      "version": "5.9.3",
      "resolved": "https://registry.npmjs.org/typescript/-/typescript-5.9.3.tgz",
      "integrity": "sha512-jl1vZzPDinLr9eUt3J/t7V6FgNEw9QjvBPdysz9KfQDD41fQrC2Y4vKQdiaUpFT4bXlb1RHhLpp8wtm6M5TgSw==",
      "dev": true,
      "license": "Apache-2.0",
      "bin": {
        "tsc": "bin/tsc",
        "tsserver": "bin/tsserver"
      },
      "engines": {
        "node": ">=14.17"
      }
    },
    "node_modules/undici-types": {
      "version": "6.21.0",
      "resolved": "https://registry.npmjs.org/undici-types/-/undici-types-6.21.0.tgz",
      "integrity": "sha512-iwDZqg0QAGrg9Rav5H4n0M64c3mkR59cJ6wQp+7C4nI0gsmExaedaYLNO44eT4AtBBwjbTiGPMlt2Md0T9H9JQ==",
      "dev": true,
      "license": "MIT"
    }
  }
}
